
Microsoft Visual Studio Solution File, Format Version 12.00
# Visual Studio Version 17
VisualStudioVersion = 17.11.34929.205
MinimumVisualStudioVersion = 10.0.40219.1
Project("{9A19103F-16F7-4668-BE54-9A1E7A4F7556}") = "SmartWorkoutApp", "SmartWorkoutApp\SmartWorkoutApp.csproj", "{9A950E3E-2BA7-403C-A2DC-F73A75467F1B}"
EndProject
Project("{FAE04EC0-301F-11D3-BF4B-00C04F79EFBC}") = "SmartWorkout.DataAccess", "SmartWorkout.DataAccess\SmartWorkout.DataAccess.csproj", "{315DBFA0-8EA8-4B99-A6ED-93534A163CC0}"
EndProject
Global
	GlobalSection(SolutionConfigurationPlatforms) = preSolution
		Debug|Any CPU = Debug|Any CPU
		Release|Any CPU = Release|Any CPU
	EndGlobalSection
	GlobalSection(ProjectConfigurationPlatforms) = postSolution
		{9A950E3E-2BA7-403C-A2DC-F73A75467F1B}.Debug|Any CPU.ActiveCfg = Debug|Any CPU
		{9A950E3E-2BA7-403C-A2DC-F73A75467F1B}.Debug|Any CPU.Build.0 = Debug|Any CPU
		{9A950E3E-2BA7-403C-A2DC-F73A75467F1B}.Release|Any CPU.ActiveCfg = Release|Any CPU
		{9A950E3E-2BA7-403C-A2DC-F73A75467F1B}.Release|Any CPU.Build.0 = Release|Any CPU
		{315DBFA0-8EA8-4B99-A6ED-93534A163CC0}.Debug|Any CPU.ActiveCfg = Debug|Any CPU
		{315DBFA0-8EA8-4B99-A6ED-93534A163CC0}.Debug|Any CPU.Build.0 = Debug|Any CPU
		{315DBFA0-8EA8-4B99-A6ED-93534A163CC0}.Release|Any CPU.ActiveCfg = Release|Any CPU
		{315DBFA0-8EA8-4B99-A6ED-93534A163CC0}.Release|Any CPU.Build.0 = Release|Any CPU
	EndGlobalSection
	GlobalSection(SolutionProperties) = preSolution
		HideSolutionNode = FALSE
	EndGlobalSection
	GlobalSection(ExtensibilityGlobals) = postSolution
		SolutionGuid = {F7FF5D04-0A2F-4ABA-8847-2472E241C477}
	EndGlobalSection
EndGlobal
